{
  "lockfileVersion": 1,
  "configVersion": 1,
  "workspaces": {
    "": {
      "name": "endograph",
      "dependencies": {
        "@ai-sdk/anthropic": "3.0.96",
        "@ai-sdk/openai": "3.0.83",
        "@anthropic-ai/sandbox-runtime": "0.0.75",
        "@endograph/codex-executor": "workspace:*",
        "@projectors/aisdk-executor": "latest",
        "@projectors/core": "latest",
        "@types/bun": "latest",
        "ai": "6.0.222",
        "zod": "^4.5.4",
      },
      "devDependencies": {
        "typescript": "^5.7.0",
      },
    },
    "packages/codex-executor": {
      "name": "@endograph/codex-executor",
      "version": "0.0.2",
      "dependencies": {
        "@projectors/core": "latest",
        "zod": "^4.5.4",
      },
    },
    "packages/server": {
      "name": "@endograph/server",
      "version": "0.0.2",
      "dependencies": {
        "endograph": "0.0.2",
      },
    },
  },
  "overrides": {
    "endograph": "file:.",
  },
  "packages": {
    "@ai-sdk/anthropic": ["@ai-sdk/anthropic@3.0.96", "", { "dependencies": { "@ai-sdk/provider": "3.0.14", "@ai-sdk/provider-utils": "4.0.38" }, "peerDependencies": { "zod": "^3.25.76 || ^4.1.8" } }, "sha512-6VQzaXQdm5FkX6NWOyKzV5GB11C8IqkgsKZE91lg/bdwyvnQJLDwal2qkE0+fC8CCGeW5d+VV8Mw/+H+OcDC1A=="],

    "@ai-sdk/gateway": ["@ai-sdk/gateway@3.0.146", "", { "dependencies": { "@ai-sdk/provider": "3.0.14", "@ai-sdk/provider-utils": "4.0.38", "@vercel/oidc": "3.2.0" }, "peerDependencies": { "zod": "^3.25.76 || ^4.1.8" } }, "sha512-QK922LzOfGeHdZ9QGvghDizQx/tPOolTQSHvMlnUPeaTW5qpiIqpfbLwYiyxEt5YOGLLM/0t232Dut+95udo/Q=="],

    "@ai-sdk/openai": ["@ai-sdk/openai@3.0.83", "", { "dependencies": { "@ai-sdk/provider": "3.0.14", "@ai-sdk/provider-utils": "4.0.38" }, "peerDependencies": { "zod": "^3.25.76 || ^4.1.8" } }, "sha512-gYsQPmBQYgWc8+sFdmO4lSbNJoBdt9wgx1wZ1YOi0wX8X0d/K3FYOnNS0/TGymiDk8kh+wKj6PLC6UyA8bwVFA=="],

    "@ai-sdk/provider": ["@ai-sdk/provider@3.0.14", "", { "dependencies": { "json-schema": "^0.4.0" } }, "sha512-5X1k57JBJ4H7H1QjX7CnJYAB1I19r/trVZTMcSms7/kLNZ8RaU4Nt2agcwZzv82Hfx6Q7/TOLU7agAKeFfc8cA=="],

    "@ai-sdk/provider-utils": ["@ai-sdk/provider-utils@4.0.38", "", { "dependencies": { "@ai-sdk/provider": "3.0.14", "@standard-schema/spec": "^1.1.0", "eventsource-parser": "^3.0.8" }, "peerDependencies": { "zod": "^3.25.76 || ^4.1.8" } }, "sha512-/HHGmtKllqjg1OLc023v9w9kK3laW7Z6TzfZukYQWCsGBbzB9p60zTvvpXFVcs44NZBVXL3viOa1HRKUbeee8g=="],

    "@anthropic-ai/sandbox-runtime": ["@anthropic-ai/sandbox-runtime@0.0.75", "", { "dependencies": { "@pondwader/socks5-server": "^1.0.10", "commander": "^12.1.0", "node-forge": "^1.4.0", "zod": "^3.24.1" }, "bin": { "srt": "dist/cli.js" } }, "sha512-oqAKi6QtkT2DpLwFoDCDD757zw2i6ftpLTyV8rNSV9QWF53q2m1JxEs0RYXv2CIXtCoje4RGYQylagn15RKmww=="],

    "@cfworker/json-schema": ["@cfworker/json-schema@4.1.1", "", {}, "sha512-gAmrUZSGtKc3AiBL71iNWxDsyUC5uMaKKGdvzYsBoTW/xi42JQHl7eKV2OYzCUqvc+D2RCcf7EXY2iCyFIk6og=="],

    "@endograph/codex-executor": ["@endograph/codex-executor@workspace:packages/codex-executor"],

    "@endograph/server": ["@endograph/server@workspace:packages/server"],

    "@opentelemetry/api": ["@opentelemetry/api@1.9.1", "", {}, "sha512-gLyJlPHPZYdAk1JENA9LeHejZe1Ti77/pTeFm/nMXmQH/HFZlcS/O2XJB+L8fkbrNSqhdtlvjBVjxwUYanNH5Q=="],

    "@pondwader/socks5-server": ["@pondwader/socks5-server@1.0.10", "", {}, "sha512-bQY06wzzR8D2+vVCUoBsr5QS2U6UgPUQRmErNwtsuI6vLcyRKkafjkr3KxbtGFf9aBBIV2mcvlsKD1UYaIV+sg=="],

    "@projectors/aisdk-executor": ["@projectors/aisdk-executor@0.0.5", "", { "dependencies": { "@ai-sdk/anthropic": "^3.0.96", "@ai-sdk/openai": "^3.0.83", "@projectors/core": "0.0.5", "ai": "^6.0.222", "zod": "^4.4.3" } }, "sha512-JrgmR2d8K8DyV5uqLsheu5nHaiqHttjC9dCejY3jgrg7QQrayedQFe9UIrnXbY5bXJRONiKHkdaHmvEbukWHqw=="],

    "@projectors/core": ["@projectors/core@0.0.5", "", { "dependencies": { "@cfworker/json-schema": "^4.1.1", "@standard-schema/spec": "^1.1.0" } }, "sha512-Nu6Wj62pXooqEVxhcOA++uRy+GgWk2Q1UNtD6Kh4bwRJPQF1eDSL6tUPKmXnLOmQtz6xDRwvyE1kyDTzeH1TQw=="],

    "@standard-schema/spec": ["@standard-schema/spec@1.1.0", "", {}, "sha512-l2aFy5jALhniG5HgqrD6jXLi/rUWrKvqN/qJx6yoJsgKhblVd+iqqU4RCXavm/jPityDo5TCvKMnpjKnOriy0w=="],

    "@types/bun": ["@types/bun@1.4.1", "", { "dependencies": { "bun-types": "1.4.1" } }, "sha512-0AVGiTXGajf1rgKom3N+c5L7CBxuoyyv1i44M0nX4UDK0G/fnRAMiri93nHuVPIb429KKtAgj7HatVmmOjeQLA=="],

    "@types/node": ["@types/node@26.4.1", "", { "dependencies": { "undici-types": "~8.3.0" } }, "sha512-k97ENvZWtvA6yqz5/FS6a7duDgOPEeOQOc2iKS/nY6mX6qJUKtLnWzQS+Xj6tXweyj6ZcTAK2Qecetnvi9nCLA=="],

    "@vercel/oidc": ["@vercel/oidc@3.2.0", "", {}, "sha512-UycprH3T6n3jH0k44NHMa7pnFHGu/N05MjojYr+Mc6I7obkoLIJujSWwin1pCvdy/eOxrI/l3uDLQsmcrOb4ug=="],

    "ai": ["ai@6.0.222", "", { "dependencies": { "@ai-sdk/gateway": "3.0.146", "@ai-sdk/provider": "3.0.14", "@ai-sdk/provider-utils": "4.0.38", "@opentelemetry/api": "^1.9.0" }, "peerDependencies": { "zod": "^3.25.76 || ^4.1.8" } }, "sha512-kUzBaIHIfaDgBX7X22V4tE48MyYyS2IgCuj/zfANx0JfDAwgKwzKjl9pZUpYSnYPChI7i7yRGRoeTkebAFx1VQ=="],

    "bun-types": ["bun-types@1.4.1", "", { "dependencies": { "@types/node": "*" } }, "sha512-loKuVrAFZKfEv+JvWkHRS9GW5IqLuLRjVXN9p+vZvBN86O5hf/pBZQ5hSoyipsrMmWObZBDvWnlmKvjKTM0PdA=="],

    "commander": ["commander@12.1.0", "", {}, "sha512-Vw8qHK3bZM9y/P10u3Vib8o/DdkvA2OtPtZvD871QKjy74Wj1WSKFILMPRPSdUSx5RFK1arlJzEtA4PkFgnbuA=="],

    "endograph": ["endograph@root:", {}],

    "eventsource-parser": ["eventsource-parser@3.1.1", "", {}, "sha512-EKN1vKAMcZ8MlYMpaNuxN6R9yakzH6uajHcHVTqWJzvu5pWw9DyhbP35HH8MVBQ+dZjAfDxk+A8NiR9KWaXiyQ=="],

    "json-schema": ["json-schema@0.4.0", "", {}, "sha512-es94M3nTIfsEPisRafak+HDLfHXnKBhV3vU5eqPcS3flIWqcxJWgXHXiey3YrpaNsanY5ei1VoYEbOzijuq9BA=="],

    "node-forge": ["node-forge@1.4.0", "", {}, "sha512-LarFH0+6VfriEhqMMcLX2F7SwSXeWwnEAJEsYm5QKWchiVYVvJyV9v7UDvUv+w5HO23ZpQTXDv/GxdDdMyOuoQ=="],

    "typescript": ["typescript@5.9.3", "", { "bin": { "tsc": "bin/tsc", "tsserver": "bin/tsserver" } }, "sha512-jl1vZzPDinLr9eUt3J/t7V6FgNEw9QjvBPdysz9KfQDD41fQrC2Y4vKQdiaUpFT4bXlb1RHhLpp8wtm6M5TgSw=="],

    "undici-types": ["undici-types@8.3.0", "", {}, "sha512-j375ScV60dom+YkPFIfTLcOiPxkN/buHz5GobjLhixFuANaNs3C9l4GmrWqejgXWJ7BbJcFYpTEUkS1Ge8bpZQ=="],

    "zod": ["zod@4.5.4", "", {}, "sha512-sC95tT5iHHH9gtpj6A81kh+NEaRAUFN+qlUPDUbRfOMvNf5QCBqsb3WgvnpVtK5Y+4UfA6KqufotuTvMGiTlsA=="],

    "@anthropic-ai/sandbox-runtime/zod": ["zod@3.25.76", "", {}, "sha512-gzUt/qt81nXsFGKIFcC3YnfEAx5NkunCfnDlvuBSSFS02bcXu4Lmea0AFIUwbLWxWPx3d9p8S5QoaujKcNQxcQ=="],
  }
}
